
Microsoft Visual Studio Solution File, Format Version 12.00
# Visual Studio Version 16
VisualStudioVersion = 16.0.29519.87
MinimumVisualStudioVersion = 10.0.40219.1
Project("{FAE04EC0-301F-11D3-BF4B-00C04F79EFBC}") = "REDHEADIT.Net.IPConverter", "REDHEADIT.Net.IPConverter\REDHEADIT.Net.IPConverter.csproj", "{C1F4EED7-4C77-4836-BDBB-91F9FC804BA5}"
EndProject
Project("{2150E333-8FDC-42A3-9474-1A3956D46DE8}") = "Solution Items", "Solution Items", "{6DCF2CBE-12CF-4851-B499-F4D8478A12F3}"
	ProjectSection(SolutionItems) = preProject
		README.md = README.md
	EndProjectSection
EndProject
Global
	GlobalSection(SolutionConfigurationPlatforms) = preSolution
		Debug|Any CPU = Debug|Any CPU
		Release|Any CPU = Release|Any CPU
	EndGlobalSection
	GlobalSection(ProjectConfigurationPlatforms) = postSolution
		{C1F4EED7-4C77-4836-BDBB-91F9FC804BA5}.Debug|Any CPU.ActiveCfg = Debug|Any CPU
		{C1F4EED7-4C77-4836-BDBB-91F9FC804BA5}.Debug|Any CPU.Build.0 = Debug|Any CPU
		{C1F4EED7-4C77-4836-BDBB-91F9FC804BA5}.Release|Any CPU.ActiveCfg = Release|Any CPU
		{C1F4EED7-4C77-4836-BDBB-91F9FC804BA5}.Release|Any CPU.Build.0 = Release|Any CPU
	EndGlobalSection
	GlobalSection(SolutionProperties) = preSolution
		HideSolutionNode = FALSE
	EndGlobalSection
	GlobalSection(ExtensibilityGlobals) = postSolution
		SolutionGuid = {85511EE3-D4CE-4665-84B2-901511C110D7}
	EndGlobalSection
EndGlobal
